// !$*UTF8*$!
{
	archiveVersion = 1;
	classes = {
	};
	objectVersion = 56;
	objects = {

/* Begin PBXBuildFile section */
		2731966E2A23155900463693 /* DatabaseManager.swift in Sources */ = {isa = PBXBuildFile; fileRef = 2731966D2A23155900463693 /* DatabaseManager.swift */; };
		273196712A2317E000463693 /* AppDelegate.swift in Sources */ = {isa = PBXBuildFile; fileRef = 273196702A2317E000463693 /* AppDelegate.swift */; };
		27AA1C362A22625A00944F37 /* Color.swift in Sources */ = {isa = PBXBuildFile; fileRef = 27AA1C352A22625A00944F37 /* Color.swift */; };
		27AA1C382A228F6800944F37 /* PokemonDetialsView.swift in Sources */ = {isa = PBXBuildFile; fileRef = 27AA1C372A228F6800944F37 /* PokemonDetialsView.swift */; };
		27AA1C3A2A22A19C00944F37 /* BattleStats.swift in Sources */ = {isa = PBXBuildFile; fileRef = 27AA1C392A22A19C00944F37 /* BattleStats.swift */; };
		27AA1C3C2A22A28200944F37 /* PokemonStat.swift in Sources */ = {isa = PBXBuildFile; fileRef = 27AA1C3B2A22A28200944F37 /* PokemonStat.swift */; };
		27F36B212A23A4B2005710F3 /* PokemonType.swift in Sources */ = {isa = PBXBuildFile; fileRef = 27F36B202A23A4B2005710F3 /* PokemonType.swift */; };
		27F36B232A23A4E6005710F3 /* PokemonNetworkStat.swift in Sources */ = {isa = PBXBuildFile; fileRef = 27F36B222A23A4E6005710F3 /* PokemonNetworkStat.swift */; };
		27F36B262A23A6B8005710F3 /* PokemonStore.swift in Sources */ = {isa = PBXBuildFile; fileRef = 27F36B252A23A6B8005710F3 /* PokemonStore.swift */; };
		27F36B282A23BDEB005710F3 /* PokemonImage.swift in Sources */ = {isa = PBXBuildFile; fileRef = 27F36B272A23BDEB005710F3 /* PokemonImage.swift */; };
		27F36B2A2A23C07C005710F3 /* PokemonImageStore.swift in Sources */ = {isa = PBXBuildFile; fileRef = 27F36B292A23C07C005710F3 /* PokemonImageStore.swift */; };
		27F36B2C2A23C48D005710F3 /* Stats.swift in Sources */ = {isa = PBXBuildFile; fileRef = 27F36B2B2A23C48D005710F3 /* Stats.swift */; };
		27F36B2E2A23C5A4005710F3 /* StatsStore.swift in Sources */ = {isa = PBXBuildFile; fileRef = 27F36B2D2A23C5A4005710F3 /* StatsStore.swift */; };
		27F36B302A23F99D005710F3 /* PokemonDetailViewModel.swift in Sources */ = {isa = PBXBuildFile; fileRef = 27F36B2F2A23F99D005710F3 /* PokemonDetailViewModel.swift */; };
		27F36B322A240CAF005710F3 /* PokedexListCellViewModel.swift in Sources */ = {isa = PBXBuildFile; fileRef = 27F36B312A240CAF005710F3 /* PokedexListCellViewModel.swift */; };
		27F36B342A240F60005710F3 /* Image.swift in Sources */ = {isa = PBXBuildFile; fileRef = 27F36B332A240F60005710F3 /* Image.swift */; };
		27F36B362A25B26E005710F3 /* PokedexFlavorText.swift in Sources */ = {isa = PBXBuildFile; fileRef = 27F36B352A25B26E005710F3 /* PokedexFlavorText.swift */; };
		27F36B382A25B4C6005710F3 /* PokedexFlavorTextAPI.swift in Sources */ = {isa = PBXBuildFile; fileRef = 27F36B372A25B4C6005710F3 /* PokedexFlavorTextAPI.swift */; };
		27FE537B2A2195EF00378DF4 /* PokedexApp.swift in Sources */ = {isa = PBXBuildFile; fileRef = 27FE537A2A2195EF00378DF4 /* PokedexApp.swift */; };
		27FE537D2A2195EF00378DF4 /* ContentView.swift in Sources */ = {isa = PBXBuildFile; fileRef = 27FE537C2A2195EF00378DF4 /* ContentView.swift */; };
		27FE537F2A2195EF00378DF4 /* Assets.xcassets in Resources */ = {isa = PBXBuildFile; fileRef = 27FE537E2A2195EF00378DF4 /* Assets.xcassets */; };
		27FE53822A2195EF00378DF4 /* Preview Assets.xcassets in Resources */ = {isa = PBXBuildFile; fileRef = 27FE53812A2195EF00378DF4 /* Preview Assets.xcassets */; };
		27FE538C2A2195EF00378DF4 /* PokedexTests.swift in Sources */ = {isa = PBXBuildFile; fileRef = 27FE538B2A2195EF00378DF4 /* PokedexTests.swift */; };
		27FE53962A2195EF00378DF4 /* PokedexUITests.swift in Sources */ = {isa = PBXBuildFile; fileRef = 27FE53952A2195EF00378DF4 /* PokedexUITests.swift */; };
		27FE53982A2195EF00378DF4 /* PokedexUITestsLaunchTests.swift in Sources */ = {isa = PBXBuildFile; fileRef = 27FE53972A2195EF00378DF4 /* PokedexUITestsLaunchTests.swift */; };
		27FE53A82A21967400378DF4 /* SmallPopkemonResult.swift in Sources */ = {isa = PBXBuildFile; fileRef = 27FE53A72A21967400378DF4 /* SmallPopkemonResult.swift */; };
		27FE53AA2A21970800378DF4 /* PokemonListResult.swift in Sources */ = {isa = PBXBuildFile; fileRef = 27FE53A92A21970800378DF4 /* PokemonListResult.swift */; };
		27FE53AC2A21973A00378DF4 /* PokemonResult.swift in Sources */ = {isa = PBXBuildFile; fileRef = 27FE53AB2A21973A00378DF4 /* PokemonResult.swift */; };
		27FE53AE2A2197C600378DF4 /* PokemonListAPI.swift in Sources */ = {isa = PBXBuildFile; fileRef = 27FE53AD2A2197C600378DF4 /* PokemonListAPI.swift */; };
		27FE53B02A2199A500378DF4 /* PokemonResultAPI.swift in Sources */ = {isa = PBXBuildFile; fileRef = 27FE53AF2A2199A500378DF4 /* PokemonResultAPI.swift */; };
		27FE53B22A219B5600378DF4 /* PokedexListView.swift in Sources */ = {isa = PBXBuildFile; fileRef = 27FE53B12A219B5600378DF4 /* PokedexListView.swift */; };
		27FE53B52A219B8300378DF4 /* PokedexListViewModel.swift in Sources */ = {isa = PBXBuildFile; fileRef = 27FE53B42A219B8300378DF4 /* PokedexListViewModel.swift */; };
		27FE53B72A21A90100378DF4 /* PokemonImageAPI.swift in Sources */ = {isa = PBXBuildFile; fileRef = 27FE53B62A21A90000378DF4 /* PokemonImageAPI.swift */; };
		27FE53BB2A21AC5400378DF4 /* PokedexListCellView.swift in Sources */ = {isa = PBXBuildFile; fileRef = 27FE53BA2A21AC5400378DF4 /* PokedexListCellView.swift */; };
		27FE53C02A21B18000378DF4 /* String.swift in Sources */ = {isa = PBXBuildFile; fileRef = 27FE53BF2A21B18000378DF4 /* String.swift */; };
		27FE53C42A21CE9500378DF4 /* GRDB in Frameworks */ = {isa = PBXBuildFile; productRef = 27FE53C32A21CE9500378DF4 /* GRDB */; };
		27FE53C92A21D1C800378DF4 /* PokemonTypes.swift in Sources */ = {isa = PBXBuildFile; fileRef = 27FE53C82A21D1C800378DF4 /* PokemonTypes.swift */; };
/* End PBXBuildFile section */

/* Begin PBXContainerItemProxy section */
		27FE53882A2195EF00378DF4 /* PBXContainerItemProxy */ = {
			isa = PBXContainerItemProxy;
			containerPortal = 27FE536F2A2195EF00378DF4 /* Project object */;
			proxyType = 1;
			remoteGlobalIDString = 27FE53762A2195EF00378DF4;
			remoteInfo = Pokedex;
		};
		27FE53922A2195EF00378DF4 /* PBXContainerItemProxy */ = {
			isa = PBXContainerItemProxy;
			containerPortal = 27FE536F2A2195EF00378DF4 /* Project object */;
			proxyType = 1;
			remoteGlobalIDString = 27FE53762A2195EF00378DF4;
			remoteInfo = Pokedex;
		};
/* End PBXContainerItemProxy section */

/* Begin PBXFileReference section */
		2731966D2A23155900463693 /* DatabaseManager.swift */ = {isa = PBXFileReference; lastKnownFileType = sourcecode.swift; path = DatabaseManager.swift; sourceTree = "<group>"; };
		273196702A2317E000463693 /* AppDelegate.swift */ = {isa = PBXFileReference; lastKnownFileType = sourcecode.swift; path = AppDelegate.swift; sourceTree = "<group>"; };
		27AA1C352A22625A00944F37 /* Color.swift */ = {isa = PBXFileReference; lastKnownFileType = sourcecode.swift; path = Color.swift; sourceTree = "<group>"; };
		27AA1C372A228F6800944F37 /* PokemonDetialsView.swift */ = {isa = PBXFileReference; lastKnownFileType = sourcecode.swift; path = PokemonDetialsView.swift; sourceTree = "<group>"; };
		27AA1C392A22A19C00944F37 /* BattleStats.swift */ = {isa = PBXFileReference; lastKnownFileType = sourcecode.swift; path = BattleStats.swift; sourceTree = "<group>"; };
		27AA1C3B2A22A28200944F37 /* PokemonStat.swift */ = {isa = PBXFileReference; lastKnownFileType = sourcecode.swift; path = PokemonStat.swift; sourceTree = "<group>"; };
		27F36B202A23A4B2005710F3 /* PokemonType.swift */ = {isa = PBXFileReference; lastKnownFileType = sourcecode.swift; path = PokemonType.swift; sourceTree = "<group>"; };
		27F36B222A23A4E6005710F3 /* PokemonNetworkStat.swift */ = {isa = PBXFileReference; lastKnownFileType = sourcecode.swift; path = PokemonNetworkStat.swift; sourceTree = "<group>"; };
		27F36B252A23A6B8005710F3 /* PokemonStore.swift */ = {isa = PBXFileReference; lastKnownFileType = sourcecode.swift; path = PokemonStore.swift; sourceTree = "<group>"; };
		27F36B272A23BDEB005710F3 /* PokemonImage.swift */ = {isa = PBXFileReference; lastKnownFileType = sourcecode.swift; path = PokemonImage.swift; sourceTree = "<group>"; };
		27F36B292A23C07C005710F3 /* PokemonImageStore.swift */ = {isa = PBXFileReference; lastKnownFileType = sourcecode.swift; path = PokemonImageStore.swift; sourceTree = "<group>"; };
		27F36B2B2A23C48D005710F3 /* Stats.swift */ = {isa = PBXFileReference; lastKnownFileType = sourcecode.swift; path = Stats.swift; sourceTree = "<group>"; };
		27F36B2D2A23C5A4005710F3 /* StatsStore.swift */ = {isa = PBXFileReference; lastKnownFileType = sourcecode.swift; path = StatsStore.swift; sourceTree = "<group>"; };
		27F36B2F2A23F99D005710F3 /* PokemonDetailViewModel.swift */ = {isa = PBXFileReference; lastKnownFileType = sourcecode.swift; path = PokemonDetailViewModel.swift; sourceTree = "<group>"; };
		27F36B312A240CAF005710F3 /* PokedexListCellViewModel.swift */ = {isa = PBXFileReference; lastKnownFileType = sourcecode.swift; path = PokedexListCellViewModel.swift; sourceTree = "<group>"; };
		27F36B332A240F60005710F3 /* Image.swift */ = {isa = PBXFileReference; lastKnownFileType = sourcecode.swift; path = Image.swift; sourceTree = "<group>"; };
		27F36B352A25B26E005710F3 /* PokedexFlavorText.swift */ = {isa = PBXFileReference; lastKnownFileType = sourcecode.swift; path = PokedexFlavorText.swift; sourceTree = "<group>"; };
		27F36B372A25B4C6005710F3 /* PokedexFlavorTextAPI.swift */ = {isa = PBXFileReference; lastKnownFileType = sourcecode.swift; path = PokedexFlavorTextAPI.swift; sourceTree = "<group>"; };
		27FE53772A2195EF00378DF4 /* Pokedex.app */ = {isa = PBXFileReference; explicitFileType = wrapper.application; includeInIndex = 0; path = Pokedex.app; sourceTree = BUILT_PRODUCTS_DIR; };
		27FE537A2A2195EF00378DF4 /* PokedexApp.swift */ = {isa = PBXFileReference; lastKnownFileType = sourcecode.swift; path = PokedexApp.swift; sourceTree = "<group>"; };
		27FE537C2A2195EF00378DF4 /* ContentView.swift */ = {isa = PBXFileReference; lastKnownFileType = sourcecode.swift; path = ContentView.swift; sourceTree = "<group>"; };
		27FE537E2A2195EF00378DF4 /* Assets.xcassets */ = {isa = PBXFileReference; lastKnownFileType = folder.assetcatalog; path = Assets.xcassets; sourceTree = "<group>"; };
		27FE53812A2195EF00378DF4 /* Preview Assets.xcassets */ = {isa = PBXFileReference; lastKnownFileType = folder.assetcatalog; path = "Preview Assets.xcassets"; sourceTree = "<group>"; };
		27FE53872A2195EF00378DF4 /* PokedexTests.xctest */ = {isa = PBXFileReference; explicitFileType = wrapper.cfbundle; includeInIndex = 0; path = PokedexTests.xctest; sourceTree = BUILT_PRODUCTS_DIR; };
		27FE538B2A2195EF00378DF4 /* PokedexTests.swift */ = {isa = PBXFileReference; lastKnownFileType = sourcecode.swift; path = PokedexTests.swift; sourceTree = "<group>"; };
		27FE53912A2195EF00378DF4 /* PokedexUITests.xctest */ = {isa = PBXFileReference; explicitFileType = wrapper.cfbundle; includeInIndex = 0; path = PokedexUITests.xctest; sourceTree = BUILT_PRODUCTS_DIR; };
		27FE53952A2195EF00378DF4 /* PokedexUITests.swift */ = {isa = PBXFileReference; lastKnownFileType = sourcecode.swift; path = PokedexUITests.swift; sourceTree = "<group>"; };
		27FE53972A2195EF00378DF4 /* PokedexUITestsLaunchTests.swift */ = {isa = PBXFileReference; lastKnownFileType = sourcecode.swift; path = PokedexUITestsLaunchTests.swift; sourceTree = "<group>"; };
		27FE53A72A21967400378DF4 /* SmallPopkemonResult.swift */ = {isa = PBXFileReference; lastKnownFileType = sourcecode.swift; path = SmallPopkemonResult.swift; sourceTree = "<group>"; };
		27FE53A92A21970800378DF4 /* PokemonListResult.swift */ = {isa = PBXFileReference; lastKnownFileType = sourcecode.swift; path = PokemonListResult.swift; sourceTree = "<group>"; };
		27FE53AB2A21973A00378DF4 /* PokemonResult.swift */ = {isa = PBXFileReference; lastKnownFileType = sourcecode.swift; path = PokemonResult.swift; sourceTree = "<group>"; };
		27FE53AD2A2197C600378DF4 /* PokemonListAPI.swift */ = {isa = PBXFileReference; lastKnownFileType = sourcecode.swift; path = PokemonListAPI.swift; sourceTree = "<group>"; };
		27FE53AF2A2199A500378DF4 /* PokemonResultAPI.swift */ = {isa = PBXFileReference; lastKnownFileType = sourcecode.swift; path = PokemonResultAPI.swift; sourceTree = "<group>"; };
		27FE53B12A219B5600378DF4 /* PokedexListView.swift */ = {isa = PBXFileReference; lastKnownFileType = sourcecode.swift; path = PokedexListView.swift; sourceTree = "<group>"; };
		27FE53B42A219B8300378DF4 /* PokedexListViewModel.swift */ = {isa = PBXFileReference; lastKnownFileType = sourcecode.swift; path = PokedexListViewModel.swift; sourceTree = "<group>"; };
		27FE53B62A21A90000378DF4 /* PokemonImageAPI.swift */ = {isa = PBXFileReference; lastKnownFileType = sourcecode.swift; path = PokemonImageAPI.swift; sourceTree = "<group>"; };
		27FE53BA2A21AC5400378DF4 /* PokedexListCellView.swift */ = {isa = PBXFileReference; lastKnownFileType = sourcecode.swift; path = PokedexListCellView.swift; sourceTree = "<group>"; };
		27FE53BF2A21B18000378DF4 /* String.swift */ = {isa = PBXFileReference; lastKnownFileType = sourcecode.swift; path = String.swift; sourceTree = "<group>"; };
		27FE53C82A21D1C800378DF4 /* PokemonTypes.swift */ = {isa = PBXFileReference; lastKnownFileType = sourcecode.swift; path = PokemonTypes.swift; sourceTree = "<group>"; };
/* End PBXFileReference section */

/* Begin PBXFrameworksBuildPhase section */
		27FE53742A2195EF00378DF4 /* Frameworks */ = {
			isa = PBXFrameworksBuildPhase;
			buildActionMask = 2147483647;
			files = (
				27FE53C42A21CE9500378DF4 /* GRDB in Frameworks */,
			);
			runOnlyForDeploymentPostprocessing = 0;
		};
		27FE53842A2195EF00378DF4 /* Frameworks */ = {
			isa = PBXFrameworksBuildPhase;
			buildActionMask = 2147483647;
			files = (
			);
			runOnlyForDeploymentPostprocessing = 0;
		};
		27FE538E2A2195EF00378DF4 /* Frameworks */ = {
			isa = PBXFrameworksBuildPhase;
			buildActionMask = 2147483647;
			files = (
			);
			runOnlyForDeploymentPostprocessing = 0;
		};
/* End PBXFrameworksBuildPhase section */

/* Begin PBXGroup section */
		2731966C2A23154800463693 /* Database */ = {
			isa = PBXGroup;
			children = (
				27F36B242A23A6A7005710F3 /* Stores */,
				2731966D2A23155900463693 /* DatabaseManager.swift */,
			);
			path = Database;
			sourceTree = "<group>";
		};
		2731966F2A2317B700463693 /* App Config */ = {
			isa = PBXGroup;
			children = (
				27FE537A2A2195EF00378DF4 /* PokedexApp.swift */,
				27FE537E2A2195EF00378DF4 /* Assets.xcassets */,
				273196702A2317E000463693 /* AppDelegate.swift */,
			);
			path = "App Config";
			sourceTree = "<group>";
		};
		273196752A2324A400463693 /* Frameworks */ = {
			isa = PBXGroup;
			children = (
			);
			name = Frameworks;
			sourceTree = "<group>";
		};
		27F36B242A23A6A7005710F3 /* Stores */ = {
			isa = PBXGroup;
			children = (
				27F36B252A23A6B8005710F3 /* PokemonStore.swift */,
				27F36B292A23C07C005710F3 /* PokemonImageStore.swift */,
				27F36B2D2A23C5A4005710F3 /* StatsStore.swift */,
			);
			path = Stores;
			sourceTree = "<group>";
		};
		27FE536E2A2195EF00378DF4 = {
			isa = PBXGroup;
			children = (
				27FE53792A2195EF00378DF4 /* Pokedex */,
				27FE538A2A2195EF00378DF4 /* PokedexTests */,
				27FE53942A2195EF00378DF4 /* PokedexUITests */,
				27FE53782A2195EF00378DF4 /* Products */,
				273196752A2324A400463693 /* Frameworks */,
			);
			sourceTree = "<group>";
		};
		27FE53782A2195EF00378DF4 /* Products */ = {
			isa = PBXGroup;
			children = (
				27FE53772A2195EF00378DF4 /* Pokedex.app */,
				27FE53872A2195EF00378DF4 /* PokedexTests.xctest */,
				27FE53912A2195EF00378DF4 /* PokedexUITests.xctest */,
			);
			name = Products;
			sourceTree = "<group>";
		};
		27FE53792A2195EF00378DF4 /* Pokedex */ = {
			isa = PBXGroup;
			children = (
				2731966F2A2317B700463693 /* App Config */,
				2731966C2A23154800463693 /* Database */,
				27FE53C72A21D1AD00378DF4 /* Resources */,
				27FE53BE2A21B17000378DF4 /* Extensions */,
				27FE53B32A219B6500378DF4 /* ViewModels */,
				27FE53A62A21962E00378DF4 /* API */,
				27FE53A52A21962000378DF4 /* Views */,
				27FE53A42A21961100378DF4 /* Models */,
				27FE53802A2195EF00378DF4 /* Preview Content */,
			);
			path = Pokedex;
			sourceTree = "<group>";
		};
		27FE53802A2195EF00378DF4 /* Preview Content */ = {
			isa = PBXGroup;
			children = (
				27FE53812A2195EF00378DF4 /* Preview Assets.xcassets */,
			);
			path = "Preview Content";
			sourceTree = "<group>";
		};
		27FE538A2A2195EF00378DF4 /* PokedexTests */ = {
			isa = PBXGroup;
			children = (
				27FE538B2A2195EF00378DF4 /* PokedexTests.swift */,
			);
			path = PokedexTests;
			sourceTree = "<group>";
		};
		27FE53942A2195EF00378DF4 /* PokedexUITests */ = {
			isa = PBXGroup;
			children = (
				27FE53952A2195EF00378DF4 /* PokedexUITests.swift */,
				27FE53972A2195EF00378DF4 /* PokedexUITestsLaunchTests.swift */,
			);
			path = PokedexUITests;
			sourceTree = "<group>";
		};
		27FE53A42A21961100378DF4 /* Models */ = {
			isa = PBXGroup;
			children = (
				27FE53A72A21967400378DF4 /* SmallPopkemonResult.swift */,
				27FE53A92A21970800378DF4 /* PokemonListResult.swift */,
				27FE53AB2A21973A00378DF4 /* PokemonResult.swift */,
				27AA1C3B2A22A28200944F37 /* PokemonStat.swift */,
				27F36B202A23A4B2005710F3 /* PokemonType.swift */,
				27F36B222A23A4E6005710F3 /* PokemonNetworkStat.swift */,
				27F36B272A23BDEB005710F3 /* PokemonImage.swift */,
				27F36B2B2A23C48D005710F3 /* Stats.swift */,
				27F36B352A25B26E005710F3 /* PokedexFlavorText.swift */,
			);
			path = Models;
			sourceTree = "<group>";
		};
		27FE53A52A21962000378DF4 /* Views */ = {
			isa = PBXGroup;
			children = (
				27FE537C2A2195EF00378DF4 /* ContentView.swift */,
				27FE53B12A219B5600378DF4 /* PokedexListView.swift */,
				27FE53BA2A21AC5400378DF4 /* PokedexListCellView.swift */,
				27AA1C372A228F6800944F37 /* PokemonDetialsView.swift */,
			);
			path = Views;
			sourceTree = "<group>";
		};
		27FE53A62A21962E00378DF4 /* API */ = {
			isa = PBXGroup;
			children = (
				27FE53AD2A2197C600378DF4 /* PokemonListAPI.swift */,
				27FE53AF2A2199A500378DF4 /* PokemonResultAPI.swift */,
				27FE53B62A21A90000378DF4 /* PokemonImageAPI.swift */,
				27F36B372A25B4C6005710F3 /* PokedexFlavorTextAPI.swift */,
			);
			path = API;
			sourceTree = "<group>";
		};
		27FE53B32A219B6500378DF4 /* ViewModels */ = {
			isa = PBXGroup;
			children = (
				27FE53B42A219B8300378DF4 /* PokedexListViewModel.swift */,
				27F36B2F2A23F99D005710F3 /* PokemonDetailViewModel.swift */,
				27F36B312A240CAF005710F3 /* PokedexListCellViewModel.swift */,
			);
			path = ViewModels;
			sourceTree = "<group>";
		};
		27FE53BE2A21B17000378DF4 /* Extensions */ = {
			isa = PBXGroup;
			children = (
				27FE53BF2A21B18000378DF4 /* String.swift */,
				27AA1C352A22625A00944F37 /* Color.swift */,
				27F36B332A240F60005710F3 /* Image.swift */,
			);
			path = Extensions;
			sourceTree = "<group>";
		};
		27FE53C72A21D1AD00378DF4 /* Resources */ = {
			isa = PBXGroup;
			children = (
				27FE53C82A21D1C800378DF4 /* PokemonTypes.swift */,
				27AA1C392A22A19C00944F37 /* BattleStats.swift */,
			);
			path = Resources;
			sourceTree = "<group>";
		};
/* End PBXGroup section */

/* Begin PBXNativeTarget section */
		27FE53762A2195EF00378DF4 /* Pokedex */ = {
			isa = PBXNativeTarget;
			buildConfigurationList = 27FE539B2A2195EF00378DF4 /* Build configuration list for PBXNativeTarget "Pokedex" */;
			buildPhases = (
				27FE53732A2195EF00378DF4 /* Sources */,
				27FE53742A2195EF00378DF4 /* Frameworks */,
				27FE53752A2195EF00378DF4 /* Resources */,
			);
			buildRules = (
			);
			dependencies = (
			);
			name = Pokedex;
			packageProductDependencies = (
				27FE53C32A21CE9500378DF4 /* GRDB */,
			);
			productName = Pokedex;
			productReference = 27FE53772A2195EF00378DF4 /* Pokedex.app */;
			productType = "com.apple.product-type.application";
		};
		27FE53862A2195EF00378DF4 /* PokedexTests */ = {
			isa = PBXNativeTarget;
			buildConfigurationList = 27FE539E2A2195EF00378DF4 /* Build configuration list for PBXNativeTarget "PokedexTests" */;
			buildPhases = (
				27FE53832A2195EF00378DF4 /* Sources */,
				27FE53842A2195EF00378DF4 /* Frameworks */,
				27FE53852A2195EF00378DF4 /* Resources */,
			);
			buildRules = (
			);
			dependencies = (
				27FE53892A2195EF00378DF4 /* PBXTargetDependency */,
			);
			name = PokedexTests;
			productName = PokedexTests;
			productReference = 27FE53872A2195EF00378DF4 /* PokedexTests.xctest */;
			productType = "com.apple.product-type.bundle.unit-test";
		};
		27FE53902A2195EF00378DF4 /* PokedexUITests */ = {
			isa = PBXNativeTarget;
			buildConfigurationList = 27FE53A12A2195EF00378DF4 /* Build configuration list for PBXNativeTarget "PokedexUITests" */;
			buildPhases = (
				27FE538D2A2195EF00378DF4 /* Sources */,
				27FE538E2A2195EF00378DF4 /* Frameworks */,
				27FE538F2A2195EF00378DF4 /* Resources */,
			);
			buildRules = (
			);
			dependencies = (
				27FE53932A2195EF00378DF4 /* PBXTargetDependency */,
			);
			name = PokedexUITests;
			productName = PokedexUITests;
			productReference = 27FE53912A2195EF00378DF4 /* PokedexUITests.xctest */;
			productType = "com.apple.product-type.bundle.ui-testing";
		};
/* End PBXNativeTarget section */

/* Begin PBXProject section */
		27FE536F2A2195EF00378DF4 /* Project object */ = {
			isa = PBXProject;
			attributes = {
				BuildIndependentTargetsInParallel = 1;
				LastSwiftUpdateCheck = 1430;
				LastUpgradeCheck = 1430;
				TargetAttributes = {
					27FE53762A2195EF00378DF4 = {
						CreatedOnToolsVersion = 14.3;
					};
					27FE53862A2195EF00378DF4 = {
						CreatedOnToolsVersion = 14.3;
						TestTargetID = 27FE53762A2195EF00378DF4;
					};
					27FE53902A2195EF00378DF4 = {
						CreatedOnToolsVersion = 14.3;
						TestTargetID = 27FE53762A2195EF00378DF4;
					};
				};
			};
			buildConfigurationList = 27FE53722A2195EF00378DF4 /* Build configuration list for PBXProject "Pokedex" */;
			compatibilityVersion = "Xcode 14.0";
			developmentRegion = en;
			hasScannedForEncodings = 0;
			knownRegions = (
				en,
				Base,
			);
			mainGroup = 27FE536E2A2195EF00378DF4;
			packageReferences = (
				27FE53C22A21CE9500378DF4 /* XCRemoteSwiftPackageReference "GRDB.swift" */,
			);
			productRefGroup = 27FE53782A2195EF00378DF4 /* Products */;
			projectDirPath = "";
			projectRoot = "";
			targets = (
				27FE53762A2195EF00378DF4 /* Pokedex */,
				27FE53862A2195EF00378DF4 /* PokedexTests */,
				27FE53902A2195EF00378DF4 /* PokedexUITests */,
			);
		};
/* End PBXProject section */

/* Begin PBXResourcesBuildPhase section */
		27FE53752A2195EF00378DF4 /* Resources */ = {
			isa = PBXResourcesBuildPhase;
			buildActionMask = 2147483647;
			files = (
				27FE53822A2195EF00378DF4 /* Preview Assets.xcassets in Resources */,
				27FE537F2A2195EF00378DF4 /* Assets.xcassets in Resources */,
			);
			runOnlyForDeploymentPostprocessing = 0;
		};
		27FE53852A2195EF00378DF4 /* Resources */ = {
			isa = PBXResourcesBuildPhase;
			buildActionMask = 2147483647;
			files = (
			);
			runOnlyForDeploymentPostprocessing = 0;
		};
		27FE538F2A2195EF00378DF4 /* Resources */ = {
			isa = PBXResourcesBuildPhase;
			buildActionMask = 2147483647;
			files = (
			);
			runOnlyForDeploymentPostprocessing = 0;
		};
/* End PBXResourcesBuildPhase section */

/* Begin PBXSourcesBuildPhase section */
		27FE53732A2195EF00378DF4 /* Sources */ = {
			isa = PBXSourcesBuildPhase;
			buildActionMask = 2147483647;
			files = (
				27FE53B52A219B8300378DF4 /* PokedexListViewModel.swift in Sources */,
				27FE537D2A2195EF00378DF4 /* ContentView.swift in Sources */,
				273196712A2317E000463693 /* AppDelegate.swift in Sources */,
				27AA1C3C2A22A28200944F37 /* PokemonStat.swift in Sources */,
				27F36B342A240F60005710F3 /* Image.swift in Sources */,
				27FE53B72A21A90100378DF4 /* PokemonImageAPI.swift in Sources */,
				27F36B302A23F99D005710F3 /* PokemonDetailViewModel.swift in Sources */,
				27F36B262A23A6B8005710F3 /* PokemonStore.swift in Sources */,
				27F36B282A23BDEB005710F3 /* PokemonImage.swift in Sources */,
				27AA1C382A228F6800944F37 /* PokemonDetialsView.swift in Sources */,
				27FE53BB2A21AC5400378DF4 /* PokedexListCellView.swift in Sources */,
				27F36B322A240CAF005710F3 /* PokedexListCellViewModel.swift in Sources */,
				27F36B2E2A23C5A4005710F3 /* StatsStore.swift in Sources */,
				27F36B212A23A4B2005710F3 /* PokemonType.swift in Sources */,
				27FE53AC2A21973A00378DF4 /* PokemonResult.swift in Sources */,
				27FE53B02A2199A500378DF4 /* PokemonResultAPI.swift in Sources */,
				27F36B382A25B4C6005710F3 /* PokedexFlavorTextAPI.swift in Sources */,
				27F36B362A25B26E005710F3 /* PokedexFlavorText.swift in Sources */,
				2731966E2A23155900463693 /* DatabaseManager.swift in Sources */,
				27FE53C02A21B18000378DF4 /* String.swift in Sources */,
				27FE53AE2A2197C600378DF4 /* PokemonListAPI.swift in Sources */,
				27FE53A82A21967400378DF4 /* SmallPopkemonResult.swift in Sources */,
				27AA1C3A2A22A19C00944F37 /* BattleStats.swift in Sources */,
				27AA1C362A22625A00944F37 /* Color.swift in Sources */,
				27F36B232A23A4E6005710F3 /* PokemonNetworkStat.swift in Sources */,
				27F36B2A2A23C07C005710F3 /* PokemonImageStore.swift in Sources */,
				27FE53AA2A21970800378DF4 /* PokemonListResult.swift in Sources */,
				27F36B2C2A23C48D005710F3 /* Stats.swift in Sources */,
				27FE53C92A21D1C800378DF4 /* PokemonTypes.swift in Sources */,
				27FE537B2A2195EF00378DF4 /* PokedexApp.swift in Sources */,
				27FE53B22A219B5600378DF4 /* PokedexListView.swift in Sources */,
			);
			runOnlyForDeploymentPostprocessing = 0;
		};
		27FE53832A2195EF00378DF4 /* Sources */ = {
			isa = PBXSourcesBuildPhase;
			buildActionMask = 2147483647;
			files = (
				27FE538C2A2195EF00378DF4 /* PokedexTests.swift in Sources */,
			);
			runOnlyForDeploymentPostprocessing = 0;
		};
		27FE538D2A2195EF00378DF4 /* Sources */ = {
			isa = PBXSourcesBuildPhase;
			buildActionMask = 2147483647;
			files = (
				27FE53962A2195EF00378DF4 /* PokedexUITests.swift in Sources */,
				27FE53982A2195EF00378DF4 /* PokedexUITestsLaunchTests.swift in Sources */,
			);
			runOnlyForDeploymentPostprocessing = 0;
		};
/* End PBXSourcesBuildPhase section */

/* Begin PBXTargetDependency section */
		27FE53892A2195EF00378DF4 /* PBXTargetDependency */ = {
			isa = PBXTargetDependency;
			target = 27FE53762A2195EF00378DF4 /* Pokedex */;
			targetProxy = 27FE53882A2195EF00378DF4 /* PBXContainerItemProxy */;
		};
		27FE53932A2195EF00378DF4 /* PBXTargetDependency */ = {
			isa = PBXTargetDependency;
			target = 27FE53762A2195EF00378DF4 /* Pokedex */;
			targetProxy = 27FE53922A2195EF00378DF4 /* PBXContainerItemProxy */;
		};
/* End PBXTargetDependency section */

/* Begin XCBuildConfiguration section */
		27FE53992A2195EF00378DF4 /* Debug */ = {
			isa = XCBuildConfiguration;
			buildSettings = {
				ALWAYS_SEARCH_USER_PATHS = NO;
				CLANG_ANALYZER_NONNULL = YES;
				CLANG_ANALYZER_NUMBER_OBJECT_CONVERSION = YES_AGGRESSIVE;
				CLANG_CXX_LANGUAGE_STANDARD = "gnu++20";
				CLANG_ENABLE_MODULES = YES;
				CLANG_ENABLE_OBJC_ARC = YES;
				CLANG_ENABLE_OBJC_WEAK = YES;
				CLANG_WARN_BLOCK_CAPTURE_AUTORELEASING = YES;
				CLANG_WARN_BOOL_CONVERSION = YES;
				CLANG_WARN_COMMA = YES;
				CLANG_WARN_CONSTANT_CONVERSION = YES;
				CLANG_WARN_DEPRECATED_OBJC_IMPLEMENTATIONS = YES;
				CLANG_WARN_DIRECT_OBJC_ISA_USAGE = YES_ERROR;
				CLANG_WARN_DOCUMENTATION_COMMENTS = YES;
				CLANG_WARN_EMPTY_BODY = YES;
				CLANG_WARN_ENUM_CONVERSION = YES;
				CLANG_WARN_INFINITE_RECURSION = YES;
				CLANG_WARN_INT_CONVERSION = YES;
				CLANG_WARN_NON_LITERAL_NULL_CONVERSION = YES;
				CLANG_WARN_OBJC_IMPLICIT_RETAIN_SELF = YES;
				CLANG_WARN_OBJC_LITERAL_CONVERSION = YES;
				CLANG_WARN_OBJC_ROOT_CLASS = YES_ERROR;
				CLANG_WARN_QUOTED_INCLUDE_IN_FRAMEWORK_HEADER = YES;
				CLANG_WARN_RANGE_LOOP_ANALYSIS = YES;
				CLANG_WARN_STRICT_PROTOTYPES = YES;
				CLANG_WARN_SUSPICIOUS_MOVE = YES;
				CLANG_WARN_UNGUARDED_AVAILABILITY = YES_AGGRESSIVE;
				CLANG_WARN_UNREACHABLE_CODE = YES;
				CLANG_WARN__DUPLICATE_METHOD_MATCH = YES;
				COPY_PHASE_STRIP = NO;
				DEBUG_INFORMATION_FORMAT = dwarf;
				ENABLE_STRICT_OBJC_MSGSEND = YES;
				ENABLE_TESTABILITY = YES;
				GCC_C_LANGUAGE_STANDARD = gnu11;
				GCC_DYNAMIC_NO_PIC = NO;
				GCC_NO_COMMON_BLOCKS = YES;
				GCC_OPTIMIZATION_LEVEL = 0;
				GCC_PREPROCESSOR_DEFINITIONS = (
					"DEBUG=1",
					"$(inherited)",
				);
				GCC_WARN_64_TO_32_BIT_CONVERSION = YES;
				GCC_WARN_ABOUT_RETURN_TYPE = YES_ERROR;
				GCC_WARN_UNDECLARED_SELECTOR = YES;
				GCC_WARN_UNINITIALIZED_AUTOS = YES_AGGRESSIVE;
				GCC_WARN_UNUSED_FUNCTION = YES;
				GCC_WARN_UNUSED_VARIABLE = YES;
				IPHONEOS_DEPLOYMENT_TARGET = 16.4;
				MTL_ENABLE_DEBUG_INFO = INCLUDE_SOURCE;
				MTL_FAST_MATH = YES;
				ONLY_ACTIVE_ARCH = YES;
				SDKROOT = iphoneos;
				SWIFT_ACTIVE_COMPILATION_CONDITIONS = DEBUG;
				SWIFT_OPTIMIZATION_LEVEL = "-Onone";
			};
			name = Debug;
		};
		27FE539A2A2195EF00378DF4 /* Release */ = {
			isa = XCBuildConfiguration;
			buildSettings = {
				ALWAYS_SEARCH_USER_PATHS = NO;
				CLANG_ANALYZER_NONNULL = YES;
				CLANG_ANALYZER_NUMBER_OBJECT_CONVERSION = YES_AGGRESSIVE;
				CLANG_CXX_LANGUAGE_STANDARD = "gnu++20";
				CLANG_ENABLE_MODULES = YES;
				CLANG_ENABLE_OBJC_ARC = YES;
				CLANG_ENABLE_OBJC_WEAK = YES;
				CLANG_WARN_BLOCK_CAPTURE_AUTORELEASING = YES;
				CLANG_WARN_BOOL_CONVERSION = YES;
				CLANG_WARN_COMMA = YES;
				CLANG_WARN_CONSTANT_CONVERSION = YES;
				CLANG_WARN_DEPRECATED_OBJC_IMPLEMENTATIONS = YES;
				CLANG_WARN_DIRECT_OBJC_ISA_USAGE = YES_ERROR;
				CLANG_WARN_DOCUMENTATION_COMMENTS = YES;
				CLANG_WARN_EMPTY_BODY = YES;
				CLANG_WARN_ENUM_CONVERSION = YES;
				CLANG_WARN_INFINITE_RECURSION = YES;
				CLANG_WARN_INT_CONVERSION = YES;
				CLANG_WARN_NON_LITERAL_NULL_CONVERSION = YES;
				CLANG_WARN_OBJC_IMPLICIT_RETAIN_SELF = YES;
				CLANG_WARN_OBJC_LITERAL_CONVERSION = YES;
				CLANG_WARN_OBJC_ROOT_CLASS = YES_ERROR;
				CLANG_WARN_QUOTED_INCLUDE_IN_FRAMEWORK_HEADER = YES;
				CLANG_WARN_RANGE_LOOP_ANALYSIS = YES;
				CLANG_WARN_STRICT_PROTOTYPES = YES;
				CLANG_WARN_SUSPICIOUS_MOVE = YES;
				CLANG_WARN_UNGUARDED_AVAILABILITY = YES_AGGRESSIVE;
				CLANG_WARN_UNREACHABLE_CODE = YES;
				CLANG_WARN__DUPLICATE_METHOD_MATCH = YES;
				COPY_PHASE_STRIP = NO;
				DEBUG_INFORMATION_FORMAT = "dwarf-with-dsym";
				ENABLE_NS_ASSERTIONS = NO;
				ENABLE_STRICT_OBJC_MSGSEND = YES;
				GCC_C_LANGUAGE_STANDARD = gnu11;
				GCC_NO_COMMON_BLOCKS = YES;
				GCC_WARN_64_TO_32_BIT_CONVERSION = YES;
				GCC_WARN_ABOUT_RETURN_TYPE = YES_ERROR;
				GCC_WARN_UNDECLARED_SELECTOR = YES;
				GCC_WARN_UNINITIALIZED_AUTOS = YES_AGGRESSIVE;
				GCC_WARN_UNUSED_FUNCTION = YES;
				GCC_WARN_UNUSED_VARIABLE = YES;
				IPHONEOS_DEPLOYMENT_TARGET = 16.4;
				MTL_ENABLE_DEBUG_INFO = NO;
				MTL_FAST_MATH = YES;
				SDKROOT = iphoneos;
				SWIFT_COMPILATION_MODE = wholemodule;
				SWIFT_OPTIMIZATION_LEVEL = "-O";
				VALIDATE_PRODUCT = YES;
			};
			name = Release;
		};
		27FE539C2A2195EF00378DF4 /* Debug */ = {
			isa = XCBuildConfiguration;
			buildSettings = {
				ASSETCATALOG_COMPILER_APPICON_NAME = AppIcon;
				ASSETCATALOG_COMPILER_GLOBAL_ACCENT_COLOR_NAME = AccentColor;
				CODE_SIGN_STYLE = Automatic;
				CURRENT_PROJECT_VERSION = 1;
				DEVELOPMENT_ASSET_PATHS = "\"Pokedex/Preview Content\"";
				DEVELOPMENT_TEAM = 733AJH4K88;
				ENABLE_PREVIEWS = YES;
				GENERATE_INFOPLIST_FILE = YES;
				INFOPLIST_KEY_UIApplicationSceneManifest_Generation = YES;
				INFOPLIST_KEY_UIApplicationSupportsIndirectInputEvents = YES;
				INFOPLIST_KEY_UILaunchScreen_Generation = YES;
				INFOPLIST_KEY_UISupportedInterfaceOrientations_iPad = "UIInterfaceOrientationPortrait UIInterfaceOrientationPortraitUpsideDown UIInterfaceOrientationLandscapeLeft UIInterfaceOrientationLandscapeRight";
				INFOPLIST_KEY_UISupportedInterfaceOrientations_iPhone = "UIInterfaceOrientationPortrait UIInterfaceOrientationLandscapeLeft UIInterfaceOrientationLandscapeRight";
				IPHONEOS_DEPLOYMENT_TARGET = 16.0;
				LD_RUNPATH_SEARCH_PATHS = (
					"$(inherited)",
					"@executable_path/Frameworks",
				);
				MARKETING_VERSION = 1.0;
				PRODUCT_BUNDLE_IDENTIFIER = com.jragusin.Pokedex;
				PRODUCT_NAME = "$(TARGET_NAME)";
				SWIFT_EMIT_LOC_STRINGS = YES;
				SWIFT_VERSION = 5.0;
				TARGETED_DEVICE_FAMILY = "1,2";
			};
			name = Debug;
		};
		27FE539D2A2195EF00378DF4 /* Release */ = {
			isa = XCBuildConfiguration;
			buildSettings = {
				ASSETCATALOG_COMPILER_APPICON_NAME = AppIcon;
				ASSETCATALOG_COMPILER_GLOBAL_ACCENT_COLOR_NAME = AccentColor;
				CODE_SIGN_STYLE = Automatic;
				CURRENT_PROJECT_VERSION = 1;
				DEVELOPMENT_ASSET_PATHS = "\"Pokedex/Preview Content\"";
				DEVELOPMENT_TEAM = 733AJH4K88;
				ENABLE_PREVIEWS = YES;
				GENERATE_INFOPLIST_FILE = YES;
				INFOPLIST_KEY_UIApplicationSceneManifest_Generation = YES;
				INFOPLIST_KEY_UIApplicationSupportsIndirectInputEvents = YES;
				INFOPLIST_KEY_UILaunchScreen_Generation = YES;
				INFOPLIST_KEY_UISupportedInterfaceOrientations_iPad = "UIInterfaceOrientationPortrait UIInterfaceOrientationPortraitUpsideDown UIInterfaceOrientationLandscapeLeft UIInterfaceOrientationLandscapeRight";
				INFOPLIST_KEY_UISupportedInterfaceOrientations_iPhone = "UIInterfaceOrientationPortrait UIInterfaceOrientationLandscapeLeft UIInterfaceOrientationLandscapeRight";
				IPHONEOS_DEPLOYMENT_TARGET = 16.0;
				LD_RUNPATH_SEARCH_PATHS = (
					"$(inherited)",
					"@executable_path/Frameworks",
				);
				MARKETING_VERSION = 1.0;
				PRODUCT_BUNDLE_IDENTIFIER = com.jragusin.Pokedex;
				PRODUCT_NAME = "$(TARGET_NAME)";
				SWIFT_EMIT_LOC_STRINGS = YES;
				SWIFT_VERSION = 5.0;
				TARGETED_DEVICE_FAMILY = "1,2";
			};
			name = Release;
		};
		27FE539F2A2195EF00378DF4 /* Debug */ = {
			isa = XCBuildConfiguration;
			buildSettings = {
				ALWAYS_EMBED_SWIFT_STANDARD_LIBRARIES = YES;
				BUNDLE_LOADER = "$(TEST_HOST)";
				CODE_SIGN_STYLE = Automatic;
				CURRENT_PROJECT_VERSION = 1;
				GENERATE_INFOPLIST_FILE = YES;
				IPHONEOS_DEPLOYMENT_TARGET = 16.4;
				MARKETING_VERSION = 1.0;
				PRODUCT_BUNDLE_IDENTIFIER = com.jragusin.PokedexTests;
				PRODUCT_NAME = "$(TARGET_NAME)";
				SWIFT_EMIT_LOC_STRINGS = NO;
				SWIFT_VERSION = 5.0;
				TARGETED_DEVICE_FAMILY = "1,2";
				TEST_HOST = "$(BUILT_PRODUCTS_DIR)/Pokedex.app/$(BUNDLE_EXECUTABLE_FOLDER_PATH)/Pokedex";
			};
			name = Debug;
		};
		27FE53A02A2195EF00378DF4 /* Release */ = {
			isa = XCBuildConfiguration;
			buildSettings = {
				ALWAYS_EMBED_SWIFT_STANDARD_LIBRARIES = YES;
				BUNDLE_LOADER = "$(TEST_HOST)";
				CODE_SIGN_STYLE = Automatic;
				CURRENT_PROJECT_VERSION = 1;
				GENERATE_INFOPLIST_FILE = YES;
				IPHONEOS_DEPLOYMENT_TARGET = 16.4;
				MARKETING_VERSION = 1.0;
				PRODUCT_BUNDLE_IDENTIFIER = com.jragusin.PokedexTests;
				PRODUCT_NAME = "$(TARGET_NAME)";
				SWIFT_EMIT_LOC_STRINGS = NO;
				SWIFT_VERSION = 5.0;
				TARGETED_DEVICE_FAMILY = "1,2";
				TEST_HOST = "$(BUILT_PRODUCTS_DIR)/Pokedex.app/$(BUNDLE_EXECUTABLE_FOLDER_PATH)/Pokedex";
			};
			name = Release;
		};
		27FE53A22A2195EF00378DF4 /* Debug */ = {
			isa = XCBuildConfiguration;
			buildSettings = {
				ALWAYS_EMBED_SWIFT_STANDARD_LIBRARIES = YES;
				CODE_SIGN_STYLE = Automatic;
				CURRENT_PROJECT_VERSION = 1;
				GENERATE_INFOPLIST_FILE = YES;
				MARKETING_VERSION = 1.0;
				PRODUCT_BUNDLE_IDENTIFIER = com.jragusin.PokedexUITests;
				PRODUCT_NAME = "$(TARGET_NAME)";
				SWIFT_EMIT_LOC_STRINGS = NO;
				SWIFT_VERSION = 5.0;
				TARGETED_DEVICE_FAMILY = "1,2";
				TEST_TARGET_NAME = Pokedex;
			};
			name = Debug;
		};
		27FE53A32A2195EF00378DF4 /* Release */ = {
			isa = XCBuildConfiguration;
			buildSettings = {
				ALWAYS_EMBED_SWIFT_STANDARD_LIBRARIES = YES;
				CODE_SIGN_STYLE = Automatic;
				CURRENT_PROJECT_VERSION = 1;
				GENERATE_INFOPLIST_FILE = YES;
				MARKETING_VERSION = 1.0;
				PRODUCT_BUNDLE_IDENTIFIER = com.jragusin.PokedexUITests;
				PRODUCT_NAME = "$(TARGET_NAME)";
				SWIFT_EMIT_LOC_STRINGS = NO;
				SWIFT_VERSION = 5.0;
				TARGETED_DEVICE_FAMILY = "1,2";
				TEST_TARGET_NAME = Pokedex;
			};
			name = Release;
		};
/* End XCBuildConfiguration section */

/* Begin XCConfigurationList section */
		27FE53722A2195EF00378DF4 /* Build configuration list for PBXProject "Pokedex" */ = {
			isa = XCConfigurationList;
			buildConfigurations = (
				27FE53992A2195EF00378DF4 /* Debug */,
				27FE539A2A2195EF00378DF4 /* Release */,
			);
			defaultConfigurationIsVisible = 0;
			defaultConfigurationName = Release;
		};
		27FE539B2A2195EF00378DF4 /* Build configuration list for PBXNativeTarget "Pokedex" */ = {
			isa = XCConfigurationList;
			buildConfigurations = (
				27FE539C2A2195EF00378DF4 /* Debug */,
				27FE539D2A2195EF00378DF4 /* Release */,
			);
			defaultConfigurationIsVisible = 0;
			defaultConfigurationName = Release;
		};
		27FE539E2A2195EF00378DF4 /* Build configuration list for PBXNativeTarget "PokedexTests" */ = {
			isa = XCConfigurationList;
			buildConfigurations = (
				27FE539F2A2195EF00378DF4 /* Debug */,
				27FE53A02A2195EF00378DF4 /* Release */,
			);
			defaultConfigurationIsVisible = 0;
			defaultConfigurationName = Release;
		};
		27FE53A12A2195EF00378DF4 /* Build configuration list for PBXNativeTarget "PokedexUITests" */ = {
			isa = XCConfigurationList;
			buildConfigurations = (
				27FE53A22A2195EF00378DF4 /* Debug */,
				27FE53A32A2195EF00378DF4 /* Release */,
			);
			defaultConfigurationIsVisible = 0;
			defaultConfigurationName = Release;
		};
/* End XCConfigurationList section */

/* Begin XCRemoteSwiftPackageReference section */
		27FE53C22A21CE9500378DF4 /* XCRemoteSwiftPackageReference "GRDB.swift" */ = {
			isa = XCRemoteSwiftPackageReference;
			repositoryURL = "https://github.com/groue/GRDB.swift.git";
			requirement = {
				kind = upToNextMajorVersion;
				minimumVersion = 6.14.0;
			};
		};
/* End XCRemoteSwiftPackageReference section */

/* Begin XCSwiftPackageProductDependency section */
		27FE53C32A21CE9500378DF4 /* GRDB */ = {
			isa = XCSwiftPackageProductDependency;
			package = 27FE53C22A21CE9500378DF4 /* XCRemoteSwiftPackageReference "GRDB.swift" */;
			productName = GRDB;
		};
/* End XCSwiftPackageProductDependency section */
	};
	rootObject = 27FE536F2A2195EF00378DF4 /* Project object */;
}
